
Microsoft Visual Studio Solution File, Format Version 12.00
# Visual Studio Version 17
VisualStudioVersion = 17.5.33516.290
MinimumVisualStudioVersion = 10.0.40219.1
Project("{9A19103F-16F7-4668-BE54-9A1E7A4F7556}") = "App", "App\App.csproj", "{CC0F6CA1-7DF9-40FF-B855-5EA6394F6B77}"
EndProject
Project("{2150E333-8FDC-42A3-9474-1A3956D46DE8}") = "1 - Presenter", "1 - Presenter", "{D824D598-0E03-4D3A-8CCD-FF4DF1E87386}"
EndProject
Project("{2150E333-8FDC-42A3-9474-1A3956D46DE8}") = "2 - Domain", "2 - Domain", "{41D3A57D-E3E9-4E43-B75A-962A6FDA1E03}"
EndProject
Project("{2150E333-8FDC-42A3-9474-1A3956D46DE8}") = "3 - Infrastructure", "3 - Infrastructure", "{759E5C1E-06A7-4455-98FA-9D21C5ACBBF0}"
EndProject
Project("{2150E333-8FDC-42A3-9474-1A3956D46DE8}") = "4 - Test", "4 - Test", "{4D8004D7-FD94-4BEC-88D9-AB8E8C8EE0A4}"
EndProject
Project("{9A19103F-16F7-4668-BE54-9A1E7A4F7556}") = "Domain", "Domain\Domain.csproj", "{21CA7583-3DA2-4E16-B0FC-85204C556B95}"
EndProject
Project("{9A19103F-16F7-4668-BE54-9A1E7A4F7556}") = "Service", "Service\Service.csproj", "{3CF04805-8A50-40A9-AA6B-AF66B8A023EA}"
EndProject
Project("{9A19103F-16F7-4668-BE54-9A1E7A4F7556}") = "Repository", "Repository\Repository.csproj", "{203ACA67-CFE5-4868-9402-7C1E3C90B251}"
EndProject
Project("{9A19103F-16F7-4668-BE54-9A1E7A4F7556}") = "CrossCutting", "CrossCutting\CrossCutting.csproj", "{6233DDBC-DE12-4464-AFD9-55BE2C1A491C}"
EndProject
Project("{9A19103F-16F7-4668-BE54-9A1E7A4F7556}") = "Test", "Test\Test.csproj", "{B2AF8E68-CBAA-4270-97E7-FDDA90949F5C}"
EndProject
Global
	GlobalSection(SolutionConfigurationPlatforms) = preSolution
		Debug|Any CPU = Debug|Any CPU
		Release|Any CPU = Release|Any CPU
	EndGlobalSection
	GlobalSection(ProjectConfigurationPlatforms) = postSolution
		{CC0F6CA1-7DF9-40FF-B855-5EA6394F6B77}.Debug|Any CPU.ActiveCfg = Debug|Any CPU
		{CC0F6CA1-7DF9-40FF-B855-5EA6394F6B77}.Debug|Any CPU.Build.0 = Debug|Any CPU
		{CC0F6CA1-7DF9-40FF-B855-5EA6394F6B77}.Release|Any CPU.ActiveCfg = Release|Any CPU
		{CC0F6CA1-7DF9-40FF-B855-5EA6394F6B77}.Release|Any CPU.Build.0 = Release|Any CPU
		{21CA7583-3DA2-4E16-B0FC-85204C556B95}.Debug|Any CPU.ActiveCfg = Debug|Any CPU
		{21CA7583-3DA2-4E16-B0FC-85204C556B95}.Debug|Any CPU.Build.0 = Debug|Any CPU
		{21CA7583-3DA2-4E16-B0FC-85204C556B95}.Release|Any CPU.ActiveCfg = Release|Any CPU
		{21CA7583-3DA2-4E16-B0FC-85204C556B95}.Release|Any CPU.Build.0 = Release|Any CPU
		{3CF04805-8A50-40A9-AA6B-AF66B8A023EA}.Debug|Any CPU.ActiveCfg = Debug|Any CPU
		{3CF04805-8A50-40A9-AA6B-AF66B8A023EA}.Debug|Any CPU.Build.0 = Debug|Any CPU
		{3CF04805-8A50-40A9-AA6B-AF66B8A023EA}.Release|Any CPU.ActiveCfg = Release|Any CPU
		{3CF04805-8A50-40A9-AA6B-AF66B8A023EA}.Release|Any CPU.Build.0 = Release|Any CPU
		{203ACA67-CFE5-4868-9402-7C1E3C90B251}.Debug|Any CPU.ActiveCfg = Debug|Any CPU
		{203ACA67-CFE5-4868-9402-7C1E3C90B251}.Debug|Any CPU.Build.0 = Debug|Any CPU
		{203ACA67-CFE5-4868-9402-7C1E3C90B251}.Release|Any CPU.ActiveCfg = Release|Any CPU
		{203ACA67-CFE5-4868-9402-7C1E3C90B251}.Release|Any CPU.Build.0 = Release|Any CPU
		{6233DDBC-DE12-4464-AFD9-55BE2C1A491C}.Debug|Any CPU.ActiveCfg = Debug|Any CPU
		{6233DDBC-DE12-4464-AFD9-55BE2C1A491C}.Debug|Any CPU.Build.0 = Debug|Any CPU
		{6233DDBC-DE12-4464-AFD9-55BE2C1A491C}.Release|Any CPU.ActiveCfg = Release|Any CPU
		{6233DDBC-DE12-4464-AFD9-55BE2C1A491C}.Release|Any CPU.Build.0 = Release|Any CPU
		{B2AF8E68-CBAA-4270-97E7-FDDA90949F5C}.Debug|Any CPU.ActiveCfg = Debug|Any CPU
		{B2AF8E68-CBAA-4270-97E7-FDDA90949F5C}.Debug|Any CPU.Build.0 = Debug|Any CPU
		{B2AF8E68-CBAA-4270-97E7-FDDA90949F5C}.Release|Any CPU.ActiveCfg = Release|Any CPU
		{B2AF8E68-CBAA-4270-97E7-FDDA90949F5C}.Release|Any CPU.Build.0 = Release|Any CPU
	EndGlobalSection
	GlobalSection(SolutionProperties) = preSolution
		HideSolutionNode = FALSE
	EndGlobalSection
	GlobalSection(NestedProjects) = preSolution
		{CC0F6CA1-7DF9-40FF-B855-5EA6394F6B77} = {D824D598-0E03-4D3A-8CCD-FF4DF1E87386}
		{21CA7583-3DA2-4E16-B0FC-85204C556B95} = {41D3A57D-E3E9-4E43-B75A-962A6FDA1E03}
		{3CF04805-8A50-40A9-AA6B-AF66B8A023EA} = {759E5C1E-06A7-4455-98FA-9D21C5ACBBF0}
		{203ACA67-CFE5-4868-9402-7C1E3C90B251} = {759E5C1E-06A7-4455-98FA-9D21C5ACBBF0}
		{6233DDBC-DE12-4464-AFD9-55BE2C1A491C} = {759E5C1E-06A7-4455-98FA-9D21C5ACBBF0}
		{B2AF8E68-CBAA-4270-97E7-FDDA90949F5C} = {4D8004D7-FD94-4BEC-88D9-AB8E8C8EE0A4}
	EndGlobalSection
	GlobalSection(ExtensibilityGlobals) = postSolution
		SolutionGuid = {7B726CEF-D7A0-489C-8F15-FE370A565E22}
	EndGlobalSection
EndGlobal
